
Microsoft Visual Studio Solution File, Format Version 12.00
# Visual Studio Version 16
VisualStudioVersion = 16.0.29806.167
MinimumVisualStudioVersion = 10.0.40219.1
Project("{FAE04EC0-301F-11D3-BF4B-00C04F79EFBC}") = "AnalogClock", "AnalogClock\AnalogClock.csproj", "{91E32534-EEA0-4972-9650-6F2B7772FAF2}"
EndProject
Global
	GlobalSection(SolutionConfigurationPlatforms) = preSolution
		Debug|Any CPU = Debug|Any CPU
		Release|Any CPU = Release|Any CPU
	EndGlobalSection
	GlobalSection(ProjectConfigurationPlatforms) = postSolution
		{91E32534-EEA0-4972-9650-6F2B7772FAF2}.Debug|Any CPU.ActiveCfg = Debug|Any CPU
		{91E32534-EEA0-4972-9650-6F2B7772FAF2}.Debug|Any CPU.Build.0 = Debug|Any CPU
		{91E32534-EEA0-4972-9650-6F2B7772FAF2}.Release|Any CPU.ActiveCfg = Release|Any CPU
		{91E32534-EEA0-4972-9650-6F2B7772FAF2}.Release|Any CPU.Build.0 = Release|Any CPU
	EndGlobalSection
	GlobalSection(SolutionProperties) = preSolution
		HideSolutionNode = FALSE
	EndGlobalSection
	GlobalSection(ExtensibilityGlobals) = postSolution
		SolutionGuid = {215BB0E8-A2B9-4CBB-810A-2B966DBB6771}
	EndGlobalSection
EndGlobal
